
Microsoft Visual Studio Solution File, Format Version 12.00
# Visual Studio Version 17
VisualStudioVersion = 17.3.32819.101
MinimumVisualStudioVersion = 10.0.40219.1
Project("{FAE04EC0-301F-11D3-BF4B-00C04F79EFBC}") = "trpo_3", "trpo_3\trpo_3.csproj", "{B0363F4A-6374-47AE-9B11-48E31C045905}"
EndProject
Global
	GlobalSection(SolutionConfigurationPlatforms) = preSolution
		Debug|Any CPU = Debug|Any CPU
		Release|Any CPU = Release|Any CPU
	EndGlobalSection
	GlobalSection(ProjectConfigurationPlatforms) = postSolution
		{B0363F4A-6374-47AE-9B11-48E31C045905}.Debug|Any CPU.ActiveCfg = Debug|Any CPU
		{B0363F4A-6374-47AE-9B11-48E31C045905}.Debug|Any CPU.Build.0 = Debug|Any CPU
		{B0363F4A-6374-47AE-9B11-48E31C045905}.Release|Any CPU.ActiveCfg = Release|Any CPU
		{B0363F4A-6374-47AE-9B11-48E31C045905}.Release|Any CPU.Build.0 = Release|Any CPU
	EndGlobalSection
	GlobalSection(SolutionProperties) = preSolution
		HideSolutionNode = FALSE
	EndGlobalSection
	GlobalSection(ExtensibilityGlobals) = postSolution
		SolutionGuid = {018926E1-8303-4A86-90F1-BCC8C30C1805}
	EndGlobalSection
EndGlobal
